// !$*UTF8*$!
{
	archiveVersion = 1;
	classes = {
	};
	objectVersion = 55;
	objects = {

/* Begin PBXBuildFile section */
		A1AF80282CB93ADD00071618 /* AppDelegate.swift in Sources */ = {isa = PBXBuildFile; fileRef = A1AF80272CB93ADD00071618 /* AppDelegate.swift */; };
		A1AF802A2CB93ADD00071618 /* SceneDelegate.swift in Sources */ = {isa = PBXBuildFile; fileRef = A1AF80292CB93ADD00071618 /* SceneDelegate.swift */; };
		A1AF802C2CB93ADD00071618 /* PopulationViewController.swift in Sources */ = {isa = PBXBuildFile; fileRef = A1AF802B2CB93ADD00071618 /* PopulationViewController.swift */; };
		A1AF802F2CB93ADD00071618 /* Main.storyboard in Resources */ = {isa = PBXBuildFile; fileRef = A1AF802D2CB93ADD00071618 /* Main.storyboard */; };
		A1AF80312CB93AE100071618 /* Assets.xcassets in Resources */ = {isa = PBXBuildFile; fileRef = A1AF80302CB93AE100071618 /* Assets.xcassets */; };
		A1AF80342CB93AE100071618 /* LaunchScreen.storyboard in Resources */ = {isa = PBXBuildFile; fileRef = A1AF80322CB93AE100071618 /* LaunchScreen.storyboard */; };
		A1AF803F2CB93AE200071618 /* ios_tech_testTests.swift in Sources */ = {isa = PBXBuildFile; fileRef = A1AF803E2CB93AE200071618 /* ios_tech_testTests.swift */; };
		A1AF80492CB93AE200071618 /* ios_tech_testUITests.swift in Sources */ = {isa = PBXBuildFile; fileRef = A1AF80482CB93AE200071618 /* ios_tech_testUITests.swift */; };
		A1AF804B2CB93AE200071618 /* ios_tech_testUITestsLaunchTests.swift in Sources */ = {isa = PBXBuildFile; fileRef = A1AF804A2CB93AE200071618 /* ios_tech_testUITestsLaunchTests.swift */; };
		A1AF80632CB9411700071618 /* RequestConfig.swift in Sources */ = {isa = PBXBuildFile; fileRef = A1AF80622CB9411700071618 /* RequestConfig.swift */; };
		A1AF80642CB9411700071618 /* RequestConfig.swift in Sources */ = {isa = PBXBuildFile; fileRef = A1AF80622CB9411700071618 /* RequestConfig.swift */; };
		A1AF80662CB9415200071618 /* SerializationFormatter.swift in Sources */ = {isa = PBXBuildFile; fileRef = A1AF80652CB9415200071618 /* SerializationFormatter.swift */; };
		A1AF80672CB9415200071618 /* SerializationFormatter.swift in Sources */ = {isa = PBXBuildFile; fileRef = A1AF80652CB9415200071618 /* SerializationFormatter.swift */; };
		A1AF80692CB98C2E00071618 /* StatesLocal.swift in Sources */ = {isa = PBXBuildFile; fileRef = A1AF80682CB98C2E00071618 /* StatesLocal.swift */; };
		A1AF806A2CB98C2E00071618 /* StatesLocal.swift in Sources */ = {isa = PBXBuildFile; fileRef = A1AF80682CB98C2E00071618 /* StatesLocal.swift */; };
		A1AF806C2CB990D800071618 /* PopulationRequest.swift in Sources */ = {isa = PBXBuildFile; fileRef = A1AF806B2CB990D800071618 /* PopulationRequest.swift */; };
		A1AF806D2CB990D800071618 /* PopulationRequest.swift in Sources */ = {isa = PBXBuildFile; fileRef = A1AF806B2CB990D800071618 /* PopulationRequest.swift */; };
		A1AF806F2CB990F300071618 /* PopulationRepository.swift in Sources */ = {isa = PBXBuildFile; fileRef = A1AF806E2CB990F300071618 /* PopulationRepository.swift */; };
		A1AF80702CB990F300071618 /* PopulationRepository.swift in Sources */ = {isa = PBXBuildFile; fileRef = A1AF806E2CB990F300071618 /* PopulationRepository.swift */; };
		A1AF80732CBA971600071618 /* HTTPClient in Frameworks */ = {isa = PBXBuildFile; productRef = A1AF80722CBA971600071618 /* HTTPClient */; };
		A1AF80752CBA980400071618 /* NationsLocal.swift in Sources */ = {isa = PBXBuildFile; fileRef = A1AF80742CBA980400071618 /* NationsLocal.swift */; };
		A1AF80762CBA980400071618 /* NationsLocal.swift in Sources */ = {isa = PBXBuildFile; fileRef = A1AF80742CBA980400071618 /* NationsLocal.swift */; };
		A1AF80782CBA9DEA00071618 /* PopulationService.swift in Sources */ = {isa = PBXBuildFile; fileRef = A1AF80772CBA9DEA00071618 /* PopulationService.swift */; };
		A1AF80792CBA9DEA00071618 /* PopulationService.swift in Sources */ = {isa = PBXBuildFile; fileRef = A1AF80772CBA9DEA00071618 /* PopulationService.swift */; };
		A1AF807B2CBA9E2800071618 /* Nations.swift in Sources */ = {isa = PBXBuildFile; fileRef = A1AF807A2CBA9E2800071618 /* Nations.swift */; };
		A1AF807C2CBA9E2800071618 /* Nations.swift in Sources */ = {isa = PBXBuildFile; fileRef = A1AF807A2CBA9E2800071618 /* Nations.swift */; };
		A1AF807E2CBA9E5700071618 /* States.swift in Sources */ = {isa = PBXBuildFile; fileRef = A1AF807D2CBA9E5700071618 /* States.swift */; };
		A1AF807F2CBA9E5700071618 /* States.swift in Sources */ = {isa = PBXBuildFile; fileRef = A1AF807D2CBA9E5700071618 /* States.swift */; };
		A1AF80812CBAAB9500071618 /* PopulationViewModel.swift in Sources */ = {isa = PBXBuildFile; fileRef = A1AF80802CBAAB9500071618 /* PopulationViewModel.swift */; };
		A1AF80822CBAAB9500071618 /* PopulationViewModel.swift in Sources */ = {isa = PBXBuildFile; fileRef = A1AF80802CBAAB9500071618 /* PopulationViewModel.swift */; };
		A1AF80842CBB288F00071618 /* PopulationViewController.xib in Resources */ = {isa = PBXBuildFile; fileRef = A1AF80832CBB288F00071618 /* PopulationViewController.xib */; };
		A1AF80852CBB288F00071618 /* PopulationViewController.xib in Resources */ = {isa = PBXBuildFile; fileRef = A1AF80832CBB288F00071618 /* PopulationViewController.xib */; };
/* End PBXBuildFile section */

/* Begin PBXContainerItemProxy section */
		A1AF803B2CB93AE200071618 /* PBXContainerItemProxy */ = {
			isa = PBXContainerItemProxy;
			containerPortal = A1AF801C2CB93ADD00071618 /* Project object */;
			proxyType = 1;
			remoteGlobalIDString = A1AF80232CB93ADD00071618;
			remoteInfo = "ios-tech-test";
		};
		A1AF80452CB93AE200071618 /* PBXContainerItemProxy */ = {
			isa = PBXContainerItemProxy;
			containerPortal = A1AF801C2CB93ADD00071618 /* Project object */;
			proxyType = 1;
			remoteGlobalIDString = A1AF80232CB93ADD00071618;
			remoteInfo = "ios-tech-test";
		};
/* End PBXContainerItemProxy section */

/* Begin PBXFileReference section */
		A1AF80242CB93ADD00071618 /* ios-tech-test.app */ = {isa = PBXFileReference; explicitFileType = wrapper.application; includeInIndex = 0; path = "ios-tech-test.app"; sourceTree = BUILT_PRODUCTS_DIR; };
		A1AF80272CB93ADD00071618 /* AppDelegate.swift */ = {isa = PBXFileReference; lastKnownFileType = sourcecode.swift; path = AppDelegate.swift; sourceTree = "<group>"; };
		A1AF80292CB93ADD00071618 /* SceneDelegate.swift */ = {isa = PBXFileReference; lastKnownFileType = sourcecode.swift; path = SceneDelegate.swift; sourceTree = "<group>"; };
		A1AF802B2CB93ADD00071618 /* PopulationViewController.swift */ = {isa = PBXFileReference; lastKnownFileType = sourcecode.swift; path = PopulationViewController.swift; sourceTree = "<group>"; };
		A1AF802E2CB93ADD00071618 /* Base */ = {isa = PBXFileReference; lastKnownFileType = file.storyboard; name = Base; path = Base.lproj/Main.storyboard; sourceTree = "<group>"; };
		A1AF80302CB93AE100071618 /* Assets.xcassets */ = {isa = PBXFileReference; lastKnownFileType = folder.assetcatalog; path = Assets.xcassets; sourceTree = "<group>"; };
		A1AF80332CB93AE100071618 /* Base */ = {isa = PBXFileReference; lastKnownFileType = file.storyboard; name = Base; path = Base.lproj/LaunchScreen.storyboard; sourceTree = "<group>"; };
		A1AF80352CB93AE100071618 /* Info.plist */ = {isa = PBXFileReference; lastKnownFileType = text.plist.xml; path = Info.plist; sourceTree = "<group>"; };
		A1AF803A2CB93AE200071618 /* ios-tech-testTests.xctest */ = {isa = PBXFileReference; explicitFileType = wrapper.cfbundle; includeInIndex = 0; path = "ios-tech-testTests.xctest"; sourceTree = BUILT_PRODUCTS_DIR; };
		A1AF803E2CB93AE200071618 /* ios_tech_testTests.swift */ = {isa = PBXFileReference; lastKnownFileType = sourcecode.swift; path = ios_tech_testTests.swift; sourceTree = "<group>"; };
		A1AF80442CB93AE200071618 /* ios-tech-testUITests.xctest */ = {isa = PBXFileReference; explicitFileType = wrapper.cfbundle; includeInIndex = 0; path = "ios-tech-testUITests.xctest"; sourceTree = BUILT_PRODUCTS_DIR; };
		A1AF80482CB93AE200071618 /* ios_tech_testUITests.swift */ = {isa = PBXFileReference; lastKnownFileType = sourcecode.swift; path = ios_tech_testUITests.swift; sourceTree = "<group>"; };
		A1AF804A2CB93AE200071618 /* ios_tech_testUITestsLaunchTests.swift */ = {isa = PBXFileReference; lastKnownFileType = sourcecode.swift; path = ios_tech_testUITestsLaunchTests.swift; sourceTree = "<group>"; };
		A1AF805E2CB93EBF00071618 /* HTTPClient */ = {isa = PBXFileReference; lastKnownFileType = wrapper; name = HTTPClient; path = "ios-tech-test/Resources/HTTPClient"; sourceTree = "<group>"; };
		A1AF80622CB9411700071618 /* RequestConfig.swift */ = {isa = PBXFileReference; lastKnownFileType = sourcecode.swift; path = RequestConfig.swift; sourceTree = "<group>"; };
		A1AF80652CB9415200071618 /* SerializationFormatter.swift */ = {isa = PBXFileReference; lastKnownFileType = sourcecode.swift; path = SerializationFormatter.swift; sourceTree = "<group>"; };
		A1AF80682CB98C2E00071618 /* StatesLocal.swift */ = {isa = PBXFileReference; lastKnownFileType = sourcecode.swift; path = StatesLocal.swift; sourceTree = "<group>"; };
		A1AF806B2CB990D800071618 /* PopulationRequest.swift */ = {isa = PBXFileReference; lastKnownFileType = sourcecode.swift; path = PopulationRequest.swift; sourceTree = "<group>"; };
		A1AF806E2CB990F300071618 /* PopulationRepository.swift */ = {isa = PBXFileReference; lastKnownFileType = sourcecode.swift; path = PopulationRepository.swift; sourceTree = "<group>"; };
		A1AF80742CBA980400071618 /* NationsLocal.swift */ = {isa = PBXFileReference; lastKnownFileType = sourcecode.swift; path = NationsLocal.swift; sourceTree = "<group>"; };
		A1AF80772CBA9DEA00071618 /* PopulationService.swift */ = {isa = PBXFileReference; lastKnownFileType = sourcecode.swift; path = PopulationService.swift; sourceTree = "<group>"; };
		A1AF807A2CBA9E2800071618 /* Nations.swift */ = {isa = PBXFileReference; lastKnownFileType = sourcecode.swift; path = Nations.swift; sourceTree = "<group>"; };
		A1AF807D2CBA9E5700071618 /* States.swift */ = {isa = PBXFileReference; lastKnownFileType = sourcecode.swift; path = States.swift; sourceTree = "<group>"; };
		A1AF80802CBAAB9500071618 /* PopulationViewModel.swift */ = {isa = PBXFileReference; lastKnownFileType = sourcecode.swift; path = PopulationViewModel.swift; sourceTree = "<group>"; };
		A1AF80832CBB288F00071618 /* PopulationViewController.xib */ = {isa = PBXFileReference; lastKnownFileType = file.xib; path = PopulationViewController.xib; sourceTree = "<group>"; };
/* End PBXFileReference section */

/* Begin PBXFrameworksBuildPhase section */
		A1AF80212CB93ADD00071618 /* Frameworks */ = {
			isa = PBXFrameworksBuildPhase;
			buildActionMask = 2147483647;
			files = (
				A1AF80732CBA971600071618 /* HTTPClient in Frameworks */,
			);
			runOnlyForDeploymentPostprocessing = 0;
		};
		A1AF80372CB93AE200071618 /* Frameworks */ = {
			isa = PBXFrameworksBuildPhase;
			buildActionMask = 2147483647;
			files = (
			);
			runOnlyForDeploymentPostprocessing = 0;
		};
		A1AF80412CB93AE200071618 /* Frameworks */ = {
			isa = PBXFrameworksBuildPhase;
			buildActionMask = 2147483647;
			files = (
			);
			runOnlyForDeploymentPostprocessing = 0;
		};
/* End PBXFrameworksBuildPhase section */

/* Begin PBXGroup section */
		A1AF801B2CB93ADD00071618 = {
			isa = PBXGroup;
			children = (
				A1AF805D2CB93EBF00071618 /* Packages */,
				A1AF80262CB93ADD00071618 /* ios-tech-test */,
				A1AF803D2CB93AE200071618 /* ios-tech-testTests */,
				A1AF80472CB93AE200071618 /* ios-tech-testUITests */,
				A1AF80252CB93ADD00071618 /* Products */,
				A1AF80712CBA971600071618 /* Frameworks */,
			);
			sourceTree = "<group>";
		};
		A1AF80252CB93ADD00071618 /* Products */ = {
			isa = PBXGroup;
			children = (
				A1AF80242CB93ADD00071618 /* ios-tech-test.app */,
				A1AF803A2CB93AE200071618 /* ios-tech-testTests.xctest */,
				A1AF80442CB93AE200071618 /* ios-tech-testUITests.xctest */,
			);
			name = Products;
			sourceTree = "<group>";
		};
		A1AF80262CB93ADD00071618 /* ios-tech-test */ = {
			isa = PBXGroup;
			children = (
				A1AF80272CB93ADD00071618 /* AppDelegate.swift */,
				A1AF80292CB93ADD00071618 /* SceneDelegate.swift */,
				A1AF80572CB93B5800071618 /* UI */,
				A1AF80582CB93B6C00071618 /* Service */,
				A1AF805A2CB93BB100071618 /* Data */,
				A1AF80592CB93B9800071618 /* Resources */,
			);
			path = "ios-tech-test";
			sourceTree = "<group>";
		};
		A1AF803D2CB93AE200071618 /* ios-tech-testTests */ = {
			isa = PBXGroup;
			children = (
				A1AF803E2CB93AE200071618 /* ios_tech_testTests.swift */,
			);
			path = "ios-tech-testTests";
			sourceTree = "<group>";
		};
		A1AF80472CB93AE200071618 /* ios-tech-testUITests */ = {
			isa = PBXGroup;
			children = (
				A1AF80482CB93AE200071618 /* ios_tech_testUITests.swift */,
				A1AF804A2CB93AE200071618 /* ios_tech_testUITestsLaunchTests.swift */,
			);
			path = "ios-tech-testUITests";
			sourceTree = "<group>";
		};
		A1AF80572CB93B5800071618 /* UI */ = {
			isa = PBXGroup;
			children = (
				A1AF80832CBB288F00071618 /* PopulationViewController.xib */,
				A1AF802B2CB93ADD00071618 /* PopulationViewController.swift */,
				A1AF80802CBAAB9500071618 /* PopulationViewModel.swift */,
			);
			path = UI;
			sourceTree = "<group>";
		};
		A1AF80582CB93B6C00071618 /* Service */ = {
			isa = PBXGroup;
			children = (
				A1AF807A2CBA9E2800071618 /* Nations.swift */,
				A1AF807D2CBA9E5700071618 /* States.swift */,
				A1AF80772CBA9DEA00071618 /* PopulationService.swift */,
			);
			path = Service;
			sourceTree = "<group>";
		};
		A1AF80592CB93B9800071618 /* Resources */ = {
			isa = PBXGroup;
			children = (
				A1AF802D2CB93ADD00071618 /* Main.storyboard */,
				A1AF80302CB93AE100071618 /* Assets.xcassets */,
				A1AF80322CB93AE100071618 /* LaunchScreen.storyboard */,
				A1AF80352CB93AE100071618 /* Info.plist */,
			);
			path = Resources;
			sourceTree = "<group>";
		};
		A1AF805A2CB93BB100071618 /* Data */ = {
			isa = PBXGroup;
			children = (
				A1AF80622CB9411700071618 /* RequestConfig.swift */,
				A1AF80652CB9415200071618 /* SerializationFormatter.swift */,
				A1AF805F2CB93FED00071618 /* Population */,
			);
			path = Data;
			sourceTree = "<group>";
		};
		A1AF805D2CB93EBF00071618 /* Packages */ = {
			isa = PBXGroup;
			children = (
				A1AF805E2CB93EBF00071618 /* HTTPClient */,
			);
			name = Packages;
			sourceTree = "<group>";
		};
		A1AF805F2CB93FED00071618 /* Population */ = {
			isa = PBXGroup;
			children = (
				A1AF80742CBA980400071618 /* NationsLocal.swift */,
				A1AF80682CB98C2E00071618 /* StatesLocal.swift */,
				A1AF806E2CB990F300071618 /* PopulationRepository.swift */,
				A1AF806B2CB990D800071618 /* PopulationRequest.swift */,
			);
			path = Population;
			sourceTree = "<group>";
		};
		A1AF80712CBA971600071618 /* Frameworks */ = {
			isa = PBXGroup;
			children = (
			);
			name = Frameworks;
			sourceTree = "<group>";
		};
/* End PBXGroup section */

/* Begin PBXNativeTarget section */
		A1AF80232CB93ADD00071618 /* ios-tech-test */ = {
			isa = PBXNativeTarget;
			buildConfigurationList = A1AF804E2CB93AE200071618 /* Build configuration list for PBXNativeTarget "ios-tech-test" */;
			buildPhases = (
				A1AF80202CB93ADD00071618 /* Sources */,
				A1AF80212CB93ADD00071618 /* Frameworks */,
				A1AF80222CB93ADD00071618 /* Resources */,
			);
			buildRules = (
			);
			dependencies = (
			);
			name = "ios-tech-test";
			packageProductDependencies = (
				A1AF80722CBA971600071618 /* HTTPClient */,
			);
			productName = "ios-tech-test";
			productReference = A1AF80242CB93ADD00071618 /* ios-tech-test.app */;
			productType = "com.apple.product-type.application";
		};
		A1AF80392CB93AE200071618 /* ios-tech-testTests */ = {
			isa = PBXNativeTarget;
			buildConfigurationList = A1AF80512CB93AE200071618 /* Build configuration list for PBXNativeTarget "ios-tech-testTests" */;
			buildPhases = (
				A1AF80362CB93AE200071618 /* Sources */,
				A1AF80372CB93AE200071618 /* Frameworks */,
				A1AF80382CB93AE200071618 /* Resources */,
			);
			buildRules = (
			);
			dependencies = (
				A1AF803C2CB93AE200071618 /* PBXTargetDependency */,
			);
			name = "ios-tech-testTests";
			productName = "ios-tech-testTests";
			productReference = A1AF803A2CB93AE200071618 /* ios-tech-testTests.xctest */;
			productType = "com.apple.product-type.bundle.unit-test";
		};
		A1AF80432CB93AE200071618 /* ios-tech-testUITests */ = {
			isa = PBXNativeTarget;
			buildConfigurationList = A1AF80542CB93AE200071618 /* Build configuration list for PBXNativeTarget "ios-tech-testUITests" */;
			buildPhases = (
				A1AF80402CB93AE200071618 /* Sources */,
				A1AF80412CB93AE200071618 /* Frameworks */,
				A1AF80422CB93AE200071618 /* Resources */,
			);
			buildRules = (
			);
			dependencies = (
				A1AF80462CB93AE200071618 /* PBXTargetDependency */,
			);
			name = "ios-tech-testUITests";
			productName = "ios-tech-testUITests";
			productReference = A1AF80442CB93AE200071618 /* ios-tech-testUITests.xctest */;
			productType = "com.apple.product-type.bundle.ui-testing";
		};
/* End PBXNativeTarget section */

/* Begin PBXProject section */
		A1AF801C2CB93ADD00071618 /* Project object */ = {
			isa = PBXProject;
			attributes = {
				BuildIndependentTargetsInParallel = 1;
				LastSwiftUpdateCheck = 1320;
				LastUpgradeCheck = 1320;
				TargetAttributes = {
					A1AF80232CB93ADD00071618 = {
						CreatedOnToolsVersion = 13.2;
					};
					A1AF80392CB93AE200071618 = {
						CreatedOnToolsVersion = 13.2;
						TestTargetID = A1AF80232CB93ADD00071618;
					};
					A1AF80432CB93AE200071618 = {
						CreatedOnToolsVersion = 13.2;
						TestTargetID = A1AF80232CB93ADD00071618;
					};
				};
			};
			buildConfigurationList = A1AF801F2CB93ADD00071618 /* Build configuration list for PBXProject "ios-tech-test" */;
			compatibilityVersion = "Xcode 13.0";
			developmentRegion = en;
			hasScannedForEncodings = 0;
			knownRegions = (
				en,
				Base,
			);
			mainGroup = A1AF801B2CB93ADD00071618;
			productRefGroup = A1AF80252CB93ADD00071618 /* Products */;
			projectDirPath = "";
			projectRoot = "";
			targets = (
				A1AF80232CB93ADD00071618 /* ios-tech-test */,
				A1AF80392CB93AE200071618 /* ios-tech-testTests */,
				A1AF80432CB93AE200071618 /* ios-tech-testUITests */,
			);
		};
/* End PBXProject section */

/* Begin PBXResourcesBuildPhase section */
		A1AF80222CB93ADD00071618 /* Resources */ = {
			isa = PBXResourcesBuildPhase;
			buildActionMask = 2147483647;
			files = (
				A1AF80342CB93AE100071618 /* LaunchScreen.storyboard in Resources */,
				A1AF80312CB93AE100071618 /* Assets.xcassets in Resources */,
				A1AF802F2CB93ADD00071618 /* Main.storyboard in Resources */,
				A1AF80842CBB288F00071618 /* PopulationViewController.xib in Resources */,
			);
			runOnlyForDeploymentPostprocessing = 0;
		};
		A1AF80382CB93AE200071618 /* Resources */ = {
			isa = PBXResourcesBuildPhase;
			buildActionMask = 2147483647;
			files = (
				A1AF80852CBB288F00071618 /* PopulationViewController.xib in Resources */,
			);
			runOnlyForDeploymentPostprocessing = 0;
		};
		A1AF80422CB93AE200071618 /* Resources */ = {
			isa = PBXResourcesBuildPhase;
			buildActionMask = 2147483647;
			files = (
			);
			runOnlyForDeploymentPostprocessing = 0;
		};
/* End PBXResourcesBuildPhase section */

/* Begin PBXSourcesBuildPhase section */
		A1AF80202CB93ADD00071618 /* Sources */ = {
			isa = PBXSourcesBuildPhase;
			buildActionMask = 2147483647;
			files = (
				A1AF806F2CB990F300071618 /* PopulationRepository.swift in Sources */,
				A1AF802C2CB93ADD00071618 /* PopulationViewController.swift in Sources */,
				A1AF80782CBA9DEA00071618 /* PopulationService.swift in Sources */,
				A1AF80752CBA980400071618 /* NationsLocal.swift in Sources */,
				A1AF807B2CBA9E2800071618 /* Nations.swift in Sources */,
				A1AF80632CB9411700071618 /* RequestConfig.swift in Sources */,
				A1AF806C2CB990D800071618 /* PopulationRequest.swift in Sources */,
				A1AF80692CB98C2E00071618 /* StatesLocal.swift in Sources */,
				A1AF80282CB93ADD00071618 /* AppDelegate.swift in Sources */,
				A1AF802A2CB93ADD00071618 /* SceneDelegate.swift in Sources */,
				A1AF80812CBAAB9500071618 /* PopulationViewModel.swift in Sources */,
				A1AF80662CB9415200071618 /* SerializationFormatter.swift in Sources */,
				A1AF807E2CBA9E5700071618 /* States.swift in Sources */,
			);
			runOnlyForDeploymentPostprocessing = 0;
		};
		A1AF80362CB93AE200071618 /* Sources */ = {
			isa = PBXSourcesBuildPhase;
			buildActionMask = 2147483647;
			files = (
				A1AF80792CBA9DEA00071618 /* PopulationService.swift in Sources */,
				A1AF806A2CB98C2E00071618 /* StatesLocal.swift in Sources */,
				A1AF807C2CBA9E2800071618 /* Nations.swift in Sources */,
				A1AF807F2CBA9E5700071618 /* States.swift in Sources */,
				A1AF80762CBA980400071618 /* NationsLocal.swift in Sources */,
				A1AF803F2CB93AE200071618 /* ios_tech_testTests.swift in Sources */,
				A1AF80702CB990F300071618 /* PopulationRepository.swift in Sources */,
				A1AF806D2CB990D800071618 /* PopulationRequest.swift in Sources */,
				A1AF80642CB9411700071618 /* RequestConfig.swift in Sources */,
				A1AF80672CB9415200071618 /* SerializationFormatter.swift in Sources */,
				A1AF80822CBAAB9500071618 /* PopulationViewModel.swift in Sources */,
			);
			runOnlyForDeploymentPostprocessing = 0;
		};
		A1AF80402CB93AE200071618 /* Sources */ = {
			isa = PBXSourcesBuildPhase;
			buildActionMask = 2147483647;
			files = (
				A1AF804B2CB93AE200071618 /* ios_tech_testUITestsLaunchTests.swift in Sources */,
				A1AF80492CB93AE200071618 /* ios_tech_testUITests.swift in Sources */,
			);
			runOnlyForDeploymentPostprocessing = 0;
		};
/* End PBXSourcesBuildPhase section */

/* Begin PBXTargetDependency section */
		A1AF803C2CB93AE200071618 /* PBXTargetDependency */ = {
			isa = PBXTargetDependency;
			target = A1AF80232CB93ADD00071618 /* ios-tech-test */;
			targetProxy = A1AF803B2CB93AE200071618 /* PBXContainerItemProxy */;
		};
		A1AF80462CB93AE200071618 /* PBXTargetDependency */ = {
			isa = PBXTargetDependency;
			target = A1AF80232CB93ADD00071618 /* ios-tech-test */;
			targetProxy = A1AF80452CB93AE200071618 /* PBXContainerItemProxy */;
		};
/* End PBXTargetDependency section */

/* Begin PBXVariantGroup section */
		A1AF802D2CB93ADD00071618 /* Main.storyboard */ = {
			isa = PBXVariantGroup;
			children = (
				A1AF802E2CB93ADD00071618 /* Base */,
			);
			name = Main.storyboard;
			sourceTree = "<group>";
		};
		A1AF80322CB93AE100071618 /* LaunchScreen.storyboard */ = {
			isa = PBXVariantGroup;
			children = (
				A1AF80332CB93AE100071618 /* Base */,
			);
			name = LaunchScreen.storyboard;
			sourceTree = "<group>";
		};
/* End PBXVariantGroup section */

/* Begin XCBuildConfiguration section */
		A1AF804C2CB93AE200071618 /* Debug */ = {
			isa = XCBuildConfiguration;
			buildSettings = {
				ALWAYS_SEARCH_USER_PATHS = NO;
				CLANG_ANALYZER_NONNULL = YES;
				CLANG_ANALYZER_NUMBER_OBJECT_CONVERSION = YES_AGGRESSIVE;
				CLANG_CXX_LANGUAGE_STANDARD = "gnu++17";
				CLANG_CXX_LIBRARY = "libc++";
				CLANG_ENABLE_MODULES = YES;
				CLANG_ENABLE_OBJC_ARC = YES;
				CLANG_ENABLE_OBJC_WEAK = YES;
				CLANG_WARN_BLOCK_CAPTURE_AUTORELEASING = YES;
				CLANG_WARN_BOOL_CONVERSION = YES;
				CLANG_WARN_COMMA = YES;
				CLANG_WARN_CONSTANT_CONVERSION = YES;
				CLANG_WARN_DEPRECATED_OBJC_IMPLEMENTATIONS = YES;
				CLANG_WARN_DIRECT_OBJC_ISA_USAGE = YES_ERROR;
				CLANG_WARN_DOCUMENTATION_COMMENTS = YES;
				CLANG_WARN_EMPTY_BODY = YES;
				CLANG_WARN_ENUM_CONVERSION = YES;
				CLANG_WARN_INFINITE_RECURSION = YES;
				CLANG_WARN_INT_CONVERSION = YES;
				CLANG_WARN_NON_LITERAL_NULL_CONVERSION = YES;
				CLANG_WARN_OBJC_IMPLICIT_RETAIN_SELF = YES;
				CLANG_WARN_OBJC_LITERAL_CONVERSION = YES;
				CLANG_WARN_OBJC_ROOT_CLASS = YES_ERROR;
				CLANG_WARN_QUOTED_INCLUDE_IN_FRAMEWORK_HEADER = YES;
				CLANG_WARN_RANGE_LOOP_ANALYSIS = YES;
				CLANG_WARN_STRICT_PROTOTYPES = YES;
				CLANG_WARN_SUSPICIOUS_MOVE = YES;
				CLANG_WARN_UNGUARDED_AVAILABILITY = YES_AGGRESSIVE;
				CLANG_WARN_UNREACHABLE_CODE = YES;
				CLANG_WARN__DUPLICATE_METHOD_MATCH = YES;
				COPY_PHASE_STRIP = NO;
				DEBUG_INFORMATION_FORMAT = dwarf;
				ENABLE_STRICT_OBJC_MSGSEND = YES;
				ENABLE_TESTABILITY = YES;
				GCC_C_LANGUAGE_STANDARD = gnu11;
				GCC_DYNAMIC_NO_PIC = NO;
				GCC_NO_COMMON_BLOCKS = YES;
				GCC_OPTIMIZATION_LEVEL = 0;
				GCC_PREPROCESSOR_DEFINITIONS = (
					"DEBUG=1",
					"$(inherited)",
				);
				GCC_WARN_64_TO_32_BIT_CONVERSION = YES;
				GCC_WARN_ABOUT_RETURN_TYPE = YES_ERROR;
				GCC_WARN_UNDECLARED_SELECTOR = YES;
				GCC_WARN_UNINITIALIZED_AUTOS = YES_AGGRESSIVE;
				GCC_WARN_UNUSED_FUNCTION = YES;
				GCC_WARN_UNUSED_VARIABLE = YES;
				IPHONEOS_DEPLOYMENT_TARGET = 15.2;
				MTL_ENABLE_DEBUG_INFO = INCLUDE_SOURCE;
				MTL_FAST_MATH = YES;
				ONLY_ACTIVE_ARCH = YES;
				SDKROOT = iphoneos;
				SWIFT_ACTIVE_COMPILATION_CONDITIONS = DEBUG;
				SWIFT_OPTIMIZATION_LEVEL = "-Onone";
			};
			name = Debug;
		};
		A1AF804D2CB93AE200071618 /* Release */ = {
			isa = XCBuildConfiguration;
			buildSettings = {
				ALWAYS_SEARCH_USER_PATHS = NO;
				CLANG_ANALYZER_NONNULL = YES;
				CLANG_ANALYZER_NUMBER_OBJECT_CONVERSION = YES_AGGRESSIVE;
				CLANG_CXX_LANGUAGE_STANDARD = "gnu++17";
				CLANG_CXX_LIBRARY = "libc++";
				CLANG_ENABLE_MODULES = YES;
				CLANG_ENABLE_OBJC_ARC = YES;
				CLANG_ENABLE_OBJC_WEAK = YES;
				CLANG_WARN_BLOCK_CAPTURE_AUTORELEASING = YES;
				CLANG_WARN_BOOL_CONVERSION = YES;
				CLANG_WARN_COMMA = YES;
				CLANG_WARN_CONSTANT_CONVERSION = YES;
				CLANG_WARN_DEPRECATED_OBJC_IMPLEMENTATIONS = YES;
				CLANG_WARN_DIRECT_OBJC_ISA_USAGE = YES_ERROR;
				CLANG_WARN_DOCUMENTATION_COMMENTS = YES;
				CLANG_WARN_EMPTY_BODY = YES;
				CLANG_WARN_ENUM_CONVERSION = YES;
				CLANG_WARN_INFINITE_RECURSION = YES;
				CLANG_WARN_INT_CONVERSION = YES;
				CLANG_WARN_NON_LITERAL_NULL_CONVERSION = YES;
				CLANG_WARN_OBJC_IMPLICIT_RETAIN_SELF = YES;
				CLANG_WARN_OBJC_LITERAL_CONVERSION = YES;
				CLANG_WARN_OBJC_ROOT_CLASS = YES_ERROR;
				CLANG_WARN_QUOTED_INCLUDE_IN_FRAMEWORK_HEADER = YES;
				CLANG_WARN_RANGE_LOOP_ANALYSIS = YES;
				CLANG_WARN_STRICT_PROTOTYPES = YES;
				CLANG_WARN_SUSPICIOUS_MOVE = YES;
				CLANG_WARN_UNGUARDED_AVAILABILITY = YES_AGGRESSIVE;
				CLANG_WARN_UNREACHABLE_CODE = YES;
				CLANG_WARN__DUPLICATE_METHOD_MATCH = YES;
				COPY_PHASE_STRIP = NO;
				DEBUG_INFORMATION_FORMAT = "dwarf-with-dsym";
				ENABLE_NS_ASSERTIONS = NO;
				ENABLE_STRICT_OBJC_MSGSEND = YES;
				GCC_C_LANGUAGE_STANDARD = gnu11;
				GCC_NO_COMMON_BLOCKS = YES;
				GCC_WARN_64_TO_32_BIT_CONVERSION = YES;
				GCC_WARN_ABOUT_RETURN_TYPE = YES_ERROR;
				GCC_WARN_UNDECLARED_SELECTOR = YES;
				GCC_WARN_UNINITIALIZED_AUTOS = YES_AGGRESSIVE;
				GCC_WARN_UNUSED_FUNCTION = YES;
				GCC_WARN_UNUSED_VARIABLE = YES;
				IPHONEOS_DEPLOYMENT_TARGET = 15.2;
				MTL_ENABLE_DEBUG_INFO = NO;
				MTL_FAST_MATH = YES;
				SDKROOT = iphoneos;
				SWIFT_COMPILATION_MODE = wholemodule;
				SWIFT_OPTIMIZATION_LEVEL = "-O";
				VALIDATE_PRODUCT = YES;
			};
			name = Release;
		};
		A1AF804F2CB93AE200071618 /* Debug */ = {
			isa = XCBuildConfiguration;
			buildSettings = {
				ASSETCATALOG_COMPILER_APPICON_NAME = AppIcon;
				ASSETCATALOG_COMPILER_GLOBAL_ACCENT_COLOR_NAME = AccentColor;
				CODE_SIGN_STYLE = Automatic;
				CURRENT_PROJECT_VERSION = 1;
				DEVELOPMENT_TEAM = DZ63YFKSD9;
				GENERATE_INFOPLIST_FILE = YES;
				INFOPLIST_FILE = "ios-tech-test/Resources/Info.plist";
				INFOPLIST_KEY_UIApplicationSupportsIndirectInputEvents = YES;
				INFOPLIST_KEY_UILaunchStoryboardName = LaunchScreen;
				INFOPLIST_KEY_UIMainStoryboardFile = Main;
				INFOPLIST_KEY_UISupportedInterfaceOrientations_iPad = "UIInterfaceOrientationPortrait UIInterfaceOrientationPortraitUpsideDown UIInterfaceOrientationLandscapeLeft UIInterfaceOrientationLandscapeRight";
				INFOPLIST_KEY_UISupportedInterfaceOrientations_iPhone = "UIInterfaceOrientationPortrait UIInterfaceOrientationLandscapeLeft UIInterfaceOrientationLandscapeRight";
				LD_RUNPATH_SEARCH_PATHS = (
					"$(inherited)",
					"@executable_path/Frameworks",
				);
				MARKETING_VERSION = 1.0;
				PRODUCT_BUNDLE_IDENTIFIER = "com.xpto.ios-tech-test";
				PRODUCT_NAME = "$(TARGET_NAME)";
				SWIFT_EMIT_LOC_STRINGS = YES;
				SWIFT_VERSION = 5.0;
				TARGETED_DEVICE_FAMILY = "1,2";
			};
			name = Debug;
		};
		A1AF80502CB93AE200071618 /* Release */ = {
			isa = XCBuildConfiguration;
			buildSettings = {
				ASSETCATALOG_COMPILER_APPICON_NAME = AppIcon;
				ASSETCATALOG_COMPILER_GLOBAL_ACCENT_COLOR_NAME = AccentColor;
				CODE_SIGN_STYLE = Automatic;
				CURRENT_PROJECT_VERSION = 1;
				DEVELOPMENT_TEAM = DZ63YFKSD9;
				GENERATE_INFOPLIST_FILE = YES;
				INFOPLIST_FILE = "ios-tech-test/Resources/Info.plist";
				INFOPLIST_KEY_UIApplicationSupportsIndirectInputEvents = YES;
				INFOPLIST_KEY_UILaunchStoryboardName = LaunchScreen;
				INFOPLIST_KEY_UIMainStoryboardFile = Main;
				INFOPLIST_KEY_UISupportedInterfaceOrientations_iPad = "UIInterfaceOrientationPortrait UIInterfaceOrientationPortraitUpsideDown UIInterfaceOrientationLandscapeLeft UIInterfaceOrientationLandscapeRight";
				INFOPLIST_KEY_UISupportedInterfaceOrientations_iPhone = "UIInterfaceOrientationPortrait UIInterfaceOrientationLandscapeLeft UIInterfaceOrientationLandscapeRight";
				LD_RUNPATH_SEARCH_PATHS = (
					"$(inherited)",
					"@executable_path/Frameworks",
				);
				MARKETING_VERSION = 1.0;
				PRODUCT_BUNDLE_IDENTIFIER = "com.xpto.ios-tech-test";
				PRODUCT_NAME = "$(TARGET_NAME)";
				SWIFT_EMIT_LOC_STRINGS = YES;
				SWIFT_VERSION = 5.0;
				TARGETED_DEVICE_FAMILY = "1,2";
			};
			name = Release;
		};
		A1AF80522CB93AE200071618 /* Debug */ = {
			isa = XCBuildConfiguration;
			buildSettings = {
				ALWAYS_EMBED_SWIFT_STANDARD_LIBRARIES = YES;
				BUNDLE_LOADER = "$(TEST_HOST)";
				CODE_SIGN_STYLE = Automatic;
				CURRENT_PROJECT_VERSION = 1;
				DEVELOPMENT_TEAM = DZ63YFKSD9;
				GENERATE_INFOPLIST_FILE = YES;
				IPHONEOS_DEPLOYMENT_TARGET = 15.2;
				MARKETING_VERSION = 1.0;
				PRODUCT_BUNDLE_IDENTIFIER = "com.xpto.ios-tech-testTests";
				PRODUCT_NAME = "$(TARGET_NAME)";
				SWIFT_EMIT_LOC_STRINGS = NO;
				SWIFT_VERSION = 5.0;
				TARGETED_DEVICE_FAMILY = "1,2";
				TEST_HOST = "$(BUILT_PRODUCTS_DIR)/ios-tech-test.app/ios-tech-test";
			};
			name = Debug;
		};
		A1AF80532CB93AE200071618 /* Release */ = {
			isa = XCBuildConfiguration;
			buildSettings = {
				ALWAYS_EMBED_SWIFT_STANDARD_LIBRARIES = YES;
				BUNDLE_LOADER = "$(TEST_HOST)";
				CODE_SIGN_STYLE = Automatic;
				CURRENT_PROJECT_VERSION = 1;
				DEVELOPMENT_TEAM = DZ63YFKSD9;
				GENERATE_INFOPLIST_FILE = YES;
				IPHONEOS_DEPLOYMENT_TARGET = 15.2;
				MARKETING_VERSION = 1.0;
				PRODUCT_BUNDLE_IDENTIFIER = "com.xpto.ios-tech-testTests";
				PRODUCT_NAME = "$(TARGET_NAME)";
				SWIFT_EMIT_LOC_STRINGS = NO;
				SWIFT_VERSION = 5.0;
				TARGETED_DEVICE_FAMILY = "1,2";
				TEST_HOST = "$(BUILT_PRODUCTS_DIR)/ios-tech-test.app/ios-tech-test";
			};
			name = Release;
		};
		A1AF80552CB93AE200071618 /* Debug */ = {
			isa = XCBuildConfiguration;
			buildSettings = {
				ALWAYS_EMBED_SWIFT_STANDARD_LIBRARIES = YES;
				CODE_SIGN_STYLE = Automatic;
				CURRENT_PROJECT_VERSION = 1;
				DEVELOPMENT_TEAM = DZ63YFKSD9;
				GENERATE_INFOPLIST_FILE = YES;
				MARKETING_VERSION = 1.0;
				PRODUCT_BUNDLE_IDENTIFIER = "com.xpto.ios-tech-testUITests";
				PRODUCT_NAME = "$(TARGET_NAME)";
				SWIFT_EMIT_LOC_STRINGS = NO;
				SWIFT_VERSION = 5.0;
				TARGETED_DEVICE_FAMILY = "1,2";
				TEST_TARGET_NAME = "ios-tech-test";
			};
			name = Debug;
		};
		A1AF80562CB93AE200071618 /* Release */ = {
			isa = XCBuildConfiguration;
			buildSettings = {
				ALWAYS_EMBED_SWIFT_STANDARD_LIBRARIES = YES;
				CODE_SIGN_STYLE = Automatic;
				CURRENT_PROJECT_VERSION = 1;
				DEVELOPMENT_TEAM = DZ63YFKSD9;
				GENERATE_INFOPLIST_FILE = YES;
				MARKETING_VERSION = 1.0;
				PRODUCT_BUNDLE_IDENTIFIER = "com.xpto.ios-tech-testUITests";
				PRODUCT_NAME = "$(TARGET_NAME)";
				SWIFT_EMIT_LOC_STRINGS = NO;
				SWIFT_VERSION = 5.0;
				TARGETED_DEVICE_FAMILY = "1,2";
				TEST_TARGET_NAME = "ios-tech-test";
			};
			name = Release;
		};
/* End XCBuildConfiguration section */

/* Begin XCConfigurationList section */
		A1AF801F2CB93ADD00071618 /* Build configuration list for PBXProject "ios-tech-test" */ = {
			isa = XCConfigurationList;
			buildConfigurations = (
				A1AF804C2CB93AE200071618 /* Debug */,
				A1AF804D2CB93AE200071618 /* Release */,
			);
			defaultConfigurationIsVisible = 0;
			defaultConfigurationName = Release;
		};
		A1AF804E2CB93AE200071618 /* Build configuration list for PBXNativeTarget "ios-tech-test" */ = {
			isa = XCConfigurationList;
			buildConfigurations = (
				A1AF804F2CB93AE200071618 /* Debug */,
				A1AF80502CB93AE200071618 /* Release */,
			);
			defaultConfigurationIsVisible = 0;
			defaultConfigurationName = Release;
		};
		A1AF80512CB93AE200071618 /* Build configuration list for PBXNativeTarget "ios-tech-testTests" */ = {
			isa = XCConfigurationList;
			buildConfigurations = (
				A1AF80522CB93AE200071618 /* Debug */,
				A1AF80532CB93AE200071618 /* Release */,
			);
			defaultConfigurationIsVisible = 0;
			defaultConfigurationName = Release;
		};
		A1AF80542CB93AE200071618 /* Build configuration list for PBXNativeTarget "ios-tech-testUITests" */ = {
			isa = XCConfigurationList;
			buildConfigurations = (
				A1AF80552CB93AE200071618 /* Debug */,
				A1AF80562CB93AE200071618 /* Release */,
			);
			defaultConfigurationIsVisible = 0;
			defaultConfigurationName = Release;
		};
/* End XCConfigurationList section */

/* Begin XCSwiftPackageProductDependency section */
		A1AF80722CBA971600071618 /* HTTPClient */ = {
			isa = XCSwiftPackageProductDependency;
			productName = HTTPClient;
		};
/* End XCSwiftPackageProductDependency section */
	};
	rootObject = A1AF801C2CB93ADD00071618 /* Project object */;
}
